// !$*UTF8*$!
{
	archiveVersion = 1;
	classes = {
	};
	objectVersion = 46;
	objects = {

/* Begin PBXBuildFile section */
		1BCD9B96F42FCAD73DF5C4DA /* Pods_FinalGameTests.framework in Frameworks */ = {isa = PBXBuildFile; fileRef = CDECD2B84DFEAAC8E888D1C4 /* Pods_FinalGameTests.framework */; };
		5504C3021D36EA6900184648 /* Triangle.swift in Sources */ = {isa = PBXBuildFile; fileRef = 5504C3011D36EA6900184648 /* Triangle.swift */; };
		5504C3041D36FA4100184648 /* EnemyBullet.swift in Sources */ = {isa = PBXBuildFile; fileRef = 5504C3031D36FA4100184648 /* EnemyBullet.swift */; };
		5504C3081D39888700184648 /* Trapezoid.swift in Sources */ = {isa = PBXBuildFile; fileRef = 5504C3071D39888700184648 /* Trapezoid.swift */; };
		5510B9191D5B97FE00B43D26 /* EnemyDeath.mp3 in Resources */ = {isa = PBXBuildFile; fileRef = 5510B9181D5B97FD00B43D26 /* EnemyDeath.mp3 */; };
		5510B91B1D5BA01A00B43D26 /* woosh.wav in Resources */ = {isa = PBXBuildFile; fileRef = 5510B91A1D5BA01A00B43D26 /* woosh.wav */; };
		5510B91D1D5BBDCD00B43D26 /* purchase.wav in Resources */ = {isa = PBXBuildFile; fileRef = 5510B91C1D5BBDCD00B43D26 /* purchase.wav */; };
		551C3EF31D4FC57700DBC76C /* MissileBullet.swift in Sources */ = {isa = PBXBuildFile; fileRef = 551C3EF21D4FC57700DBC76C /* MissileBullet.swift */; };
		551C3EF51D4FF6AF00DBC76C /* Boss5.swift in Sources */ = {isa = PBXBuildFile; fileRef = 551C3EF41D4FF6AF00DBC76C /* Boss5.swift */; };
		551C3EF71D5016E800DBC76C /* Boss6.swift in Sources */ = {isa = PBXBuildFile; fileRef = 551C3EF61D5016E800DBC76C /* Boss6.swift */; };
		554BEF261D4A934800B55FD5 /* Boss3.swift in Sources */ = {isa = PBXBuildFile; fileRef = 554BEF251D4A934800B55FD5 /* Boss3.swift */; };
		554BEF281D4AC46A00B55FD5 /* Boss4.swift in Sources */ = {isa = PBXBuildFile; fileRef = 554BEF271D4AC46A00B55FD5 /* Boss4.swift */; };
		554BEF2A1D4ACA3D00B55FD5 /* Boss4Bullet.swift in Sources */ = {isa = PBXBuildFile; fileRef = 554BEF291D4ACA3D00B55FD5 /* Boss4Bullet.swift */; };
		55796E171D33FE1A0030E37C /* AppDelegate.swift in Sources */ = {isa = PBXBuildFile; fileRef = 55796E161D33FE1A0030E37C /* AppDelegate.swift */; };
		55796E191D33FE1A0030E37C /* GameScene.sks in Resources */ = {isa = PBXBuildFile; fileRef = 55796E181D33FE1A0030E37C /* GameScene.sks */; };
		55796E1B1D33FE1A0030E37C /* GameScene.swift in Sources */ = {isa = PBXBuildFile; fileRef = 55796E1A1D33FE1A0030E37C /* GameScene.swift */; };
		55796E1D1D33FE1A0030E37C /* GameViewController.swift in Sources */ = {isa = PBXBuildFile; fileRef = 55796E1C1D33FE1A0030E37C /* GameViewController.swift */; };
		55796E201D33FE1A0030E37C /* Main.storyboard in Resources */ = {isa = PBXBuildFile; fileRef = 55796E1E1D33FE1A0030E37C /* Main.storyboard */; };
		55796E251D33FE1A0030E37C /* LaunchScreen.storyboard in Resources */ = {isa = PBXBuildFile; fileRef = 55796E231D33FE1A0030E37C /* LaunchScreen.storyboard */; };
		55796E301D33FE1B0030E37C /* FinalGameTests.swift in Sources */ = {isa = PBXBuildFile; fileRef = 55796E2F1D33FE1B0030E37C /* FinalGameTests.swift */; };
		55796E3B1D33FE1B0030E37C /* FinalGameUITests.swift in Sources */ = {isa = PBXBuildFile; fileRef = 55796E3A1D33FE1B0030E37C /* FinalGameUITests.swift */; };
		55796E491D3409090030E37C /* Assets.xcassets in Resources */ = {isa = PBXBuildFile; fileRef = 55796E481D3409090030E37C /* Assets.xcassets */; };
		55796E4B1D340A7D0030E37C /* Bullet.swift in Sources */ = {isa = PBXBuildFile; fileRef = 55796E4A1D340A7D0030E37C /* Bullet.swift */; };
		55796E4E1D340AFF0030E37C /* MSReferenceNode.swift in Sources */ = {isa = PBXBuildFile; fileRef = 55796E4D1D340AFF0030E37C /* MSReferenceNode.swift */; };
		55796E501D340B050030E37C /* CGFloat+Extensions.swift in Sources */ = {isa = PBXBuildFile; fileRef = 55796E4F1D340B050030E37C /* CGFloat+Extensions.swift */; };
		55796E521D340B190030E37C /* MSButtonNode.swift in Sources */ = {isa = PBXBuildFile; fileRef = 55796E511D340B190030E37C /* MSButtonNode.swift */; };
		55796E551D340B6C0030E37C /* CGPoint+Extensions.swift in Sources */ = {isa = PBXBuildFile; fileRef = 55796E541D340B6C0030E37C /* CGPoint+Extensions.swift */; };
		55796E571D340B830030E37C /* CGVector+Extensions.swift in Sources */ = {isa = PBXBuildFile; fileRef = 55796E561D340B830030E37C /* CGVector+Extensions.swift */; };
		55796E591D340B880030E37C /* Int+Extensions.swift in Sources */ = {isa = PBXBuildFile; fileRef = 55796E581D340B880030E37C /* Int+Extensions.swift */; };
		55796E5B1D340B8F0030E37C /* SKAction+Extensions.swift in Sources */ = {isa = PBXBuildFile; fileRef = 55796E5A1D340B8F0030E37C /* SKAction+Extensions.swift */; };
		55796E5D1D340B970030E37C /* SKAction+SpecialEffects.swift in Sources */ = {isa = PBXBuildFile; fileRef = 55796E5C1D340B970030E37C /* SKAction+SpecialEffects.swift */; };
		55796E5F1D340B9D0030E37C /* SKColor+Extensions.swift in Sources */ = {isa = PBXBuildFile; fileRef = 55796E5E1D340B9D0030E37C /* SKColor+Extensions.swift */; };
		55796E611D340BA10030E37C /* SKNode+Extensions.swift in Sources */ = {isa = PBXBuildFile; fileRef = 55796E601D340BA10030E37C /* SKNode+Extensions.swift */; };
		55796E631D340BA50030E37C /* SKTAudio.swift in Sources */ = {isa = PBXBuildFile; fileRef = 55796E621D340BA50030E37C /* SKTAudio.swift */; };
		55796E651D340BB30030E37C /* SKTEffects.swift in Sources */ = {isa = PBXBuildFile; fileRef = 55796E641D340BB30030E37C /* SKTEffects.swift */; };
		55796E671D340BB80030E37C /* SKTTimingFunctions.swift in Sources */ = {isa = PBXBuildFile; fileRef = 55796E661D340BB80030E37C /* SKTTimingFunctions.swift */; };
		55796E691D340BBC0030E37C /* Vector3.swift in Sources */ = {isa = PBXBuildFile; fileRef = 55796E681D340BBC0030E37C /* Vector3.swift */; };
		558821F21D46C2CF009B1BEC /* Circle.swift in Sources */ = {isa = PBXBuildFile; fileRef = 558821F11D46C2CF009B1BEC /* Circle.swift */; };
		558821F41D46CCBE009B1BEC /* CircleBullet.swift in Sources */ = {isa = PBXBuildFile; fileRef = 558821F31D46CCBE009B1BEC /* CircleBullet.swift */; };
		558821F71D47DE26009B1BEC /* Boss1.swift in Sources */ = {isa = PBXBuildFile; fileRef = 558821F61D47DE26009B1BEC /* Boss1.swift */; };
		558821F91D480433009B1BEC /* Boss2.swift in Sources */ = {isa = PBXBuildFile; fileRef = 558821F81D480433009B1BEC /* Boss2.swift */; };
		558821FB1D4809BC009B1BEC /* TargetLock.swift in Sources */ = {isa = PBXBuildFile; fileRef = 558821FA1D4809BC009B1BEC /* TargetLock.swift */; };
		558821FD1D480ED0009B1BEC /* AnimationActions.sks in Resources */ = {isa = PBXBuildFile; fileRef = 558821FC1D480ED0009B1BEC /* AnimationActions.sks */; };
		558822011D492147009B1BEC /* TitleScene.sks in Resources */ = {isa = PBXBuildFile; fileRef = 558822001D492147009B1BEC /* TitleScene.sks */; };
		558822031D49231E009B1BEC /* TitleScene.swift in Sources */ = {isa = PBXBuildFile; fileRef = 558822021D49231E009B1BEC /* TitleScene.swift */; };
		558822051D494701009B1BEC /* TutorialScene.sks in Resources */ = {isa = PBXBuildFile; fileRef = 558822041D494701009B1BEC /* TutorialScene.sks */; };
		558822071D494710009B1BEC /* TutorialScene.swift in Sources */ = {isa = PBXBuildFile; fileRef = 558822061D494710009B1BEC /* TutorialScene.swift */; };
		558A3BCD1D3FDFAE00A2E8E4 /* TriangleBullet.swift in Sources */ = {isa = PBXBuildFile; fileRef = 558A3BCC1D3FDFAE00A2E8E4 /* TriangleBullet.swift */; };
		558A3BCF1D3FE41D00A2E8E4 /* TrapezoidBullet.swift in Sources */ = {isa = PBXBuildFile; fileRef = 558A3BCE1D3FE41D00A2E8E4 /* TrapezoidBullet.swift */; };
		558A3BD11D3FE49F00A2E8E4 /* LazerBullet.swift in Sources */ = {isa = PBXBuildFile; fileRef = 558A3BD01D3FE49F00A2E8E4 /* LazerBullet.swift */; };
		5597D6F81D36A2D500AE2C7C /* Enemy.swift in Sources */ = {isa = PBXBuildFile; fileRef = 5597D6F71D36A2D500AE2C7C /* Enemy.swift */; };
		55A036831D58F6B100954AD7 /* shoot.mp3 in Resources */ = {isa = PBXBuildFile; fileRef = 55A036821D58F6B100954AD7 /* shoot.mp3 */; };
		55A0368C1D59529600954AD7 /* Sunset Shop.mp3 in Resources */ = {isa = PBXBuildFile; fileRef = 55A0368B1D59529600954AD7 /* Sunset Shop.mp3 */; };
		55A036901D59672900954AD7 /* Purple Expansion.mp3 in Resources */ = {isa = PBXBuildFile; fileRef = 55A0368F1D59672900954AD7 /* Purple Expansion.mp3 */; };
		55A036921D596B4C00954AD7 /* Brixton Decision.mp3 in Resources */ = {isa = PBXBuildFile; fileRef = 55A036911D596B4C00954AD7 /* Brixton Decision.mp3 */; };
		55A1E50E1D3EC44C005CA54E /* Lazer.swift in Sources */ = {isa = PBXBuildFile; fileRef = 55A1E50D1D3EC44C005CA54E /* Lazer.swift */; };
		55D352101D529B940043775D /* Boss7.swift in Sources */ = {isa = PBXBuildFile; fileRef = 55D3520F1D529B940043775D /* Boss7.swift */; };
		55DA69541D55273A0081A627 /* Hoxton Lives.mp3 in Resources */ = {isa = PBXBuildFile; fileRef = 55DA69531D55273A0081A627 /* Hoxton Lives.mp3 */; };
		55DA69561D552E310081A627 /* Flaming Days.mp3 in Resources */ = {isa = PBXBuildFile; fileRef = 55DA69551D552E310081A627 /* Flaming Days.mp3 */; };
		55E110751D5105F7002D0CA3 /* Boss6Bullet.swift in Sources */ = {isa = PBXBuildFile; fileRef = 55E110741D5105F7002D0CA3 /* Boss6Bullet.swift */; };
		55E110771D5112CB002D0CA3 /* Missile.swift in Sources */ = {isa = PBXBuildFile; fileRef = 55E110761D5112CB002D0CA3 /* Missile.swift */; };
		55E110791D51310E002D0CA3 /* ShopScene.sks in Resources */ = {isa = PBXBuildFile; fileRef = 55E110781D51310E002D0CA3 /* ShopScene.sks */; };
		55E1107B1D513123002D0CA3 /* ShopScene.swift in Sources */ = {isa = PBXBuildFile; fileRef = 55E1107A1D513123002D0CA3 /* ShopScene.swift */; };
		55E1107D1D513D41002D0CA3 /* MainScene.sks in Resources */ = {isa = PBXBuildFile; fileRef = 55E1107C1D513D41002D0CA3 /* MainScene.sks */; };
		55E1107F1D513E0D002D0CA3 /* MainScene.swift in Sources */ = {isa = PBXBuildFile; fileRef = 55E1107E1D513E0D002D0CA3 /* MainScene.swift */; };
		55E110811D515121002D0CA3 /* UserState.swift in Sources */ = {isa = PBXBuildFile; fileRef = 55E110801D515121002D0CA3 /* UserState.swift */; };
		55FDAD721D345B8B004E45B7 /* Square.swift in Sources */ = {isa = PBXBuildFile; fileRef = 55FDAD711D345B8B004E45B7 /* Square.swift */; };
		77817CEF3BC5397088D6D791 /* Pods_FinalGame.framework in Frameworks */ = {isa = PBXBuildFile; fileRef = DA4D5CE5C0E98A82B3AE0114 /* Pods_FinalGame.framework */; };
		CA99C61B3AE7B59CDA283B34 /* Pods_FinalGameUITests.framework in Frameworks */ = {isa = PBXBuildFile; fileRef = 8CB31A8F529E7C71D4E10AA1 /* Pods_FinalGameUITests.framework */; };
/* End PBXBuildFile section */

/* Begin PBXContainerItemProxy section */
		55796E2C1D33FE1B0030E37C /* PBXContainerItemProxy */ = {
			isa = PBXContainerItemProxy;
			containerPortal = 55796E0B1D33FE1A0030E37C /* Project object */;
			proxyType = 1;
			remoteGlobalIDString = 55796E121D33FE1A0030E37C;
			remoteInfo = FinalGame;
		};
		55796E371D33FE1B0030E37C /* PBXContainerItemProxy */ = {
			isa = PBXContainerItemProxy;
			containerPortal = 55796E0B1D33FE1A0030E37C /* Project object */;
			proxyType = 1;
			remoteGlobalIDString = 55796E121D33FE1A0030E37C;
			remoteInfo = FinalGame;
		};
/* End PBXContainerItemProxy section */

/* Begin PBXFileReference section */
		2B9578292EDA710A70DB1023 /* Pods-FinalGameUITests.release.xcconfig */ = {isa = PBXFileReference; includeInIndex = 1; lastKnownFileType = text.xcconfig; name = "Pods-FinalGameUITests.release.xcconfig"; path = "Pods/Target Support Files/Pods-FinalGameUITests/Pods-FinalGameUITests.release.xcconfig"; sourceTree = "<group>"; };
		51D6564FDC5BA0507D035B33 /* Pods-FinalGameTests.debug.xcconfig */ = {isa = PBXFileReference; includeInIndex = 1; lastKnownFileType = text.xcconfig; name = "Pods-FinalGameTests.debug.xcconfig"; path = "Pods/Target Support Files/Pods-FinalGameTests/Pods-FinalGameTests.debug.xcconfig"; sourceTree = "<group>"; };
		5504C3011D36EA6900184648 /* Triangle.swift */ = {isa = PBXFileReference; fileEncoding = 4; lastKnownFileType = sourcecode.swift; path = Triangle.swift; sourceTree = "<group>"; };
		5504C3031D36FA4100184648 /* EnemyBullet.swift */ = {isa = PBXFileReference; fileEncoding = 4; lastKnownFileType = sourcecode.swift; path = EnemyBullet.swift; sourceTree = "<group>"; };
		5504C3071D39888700184648 /* Trapezoid.swift */ = {isa = PBXFileReference; fileEncoding = 4; lastKnownFileType = sourcecode.swift; path = Trapezoid.swift; sourceTree = "<group>"; };
		5510B9181D5B97FD00B43D26 /* EnemyDeath.mp3 */ = {isa = PBXFileReference; lastKnownFileType = audio.mp3; path = EnemyDeath.mp3; sourceTree = "<group>"; };
		5510B91A1D5BA01A00B43D26 /* woosh.wav */ = {isa = PBXFileReference; lastKnownFileType = audio.wav; path = woosh.wav; sourceTree = "<group>"; };
		5510B91C1D5BBDCD00B43D26 /* purchase.wav */ = {isa = PBXFileReference; lastKnownFileType = audio.wav; path = purchase.wav; sourceTree = "<group>"; };
		551C3EF21D4FC57700DBC76C /* MissileBullet.swift */ = {isa = PBXFileReference; fileEncoding = 4; lastKnownFileType = sourcecode.swift; path = MissileBullet.swift; sourceTree = "<group>"; };
		551C3EF41D4FF6AF00DBC76C /* Boss5.swift */ = {isa = PBXFileReference; fileEncoding = 4; lastKnownFileType = sourcecode.swift; path = Boss5.swift; sourceTree = "<group>"; };
		551C3EF61D5016E800DBC76C /* Boss6.swift */ = {isa = PBXFileReference; fileEncoding = 4; lastKnownFileType = sourcecode.swift; path = Boss6.swift; sourceTree = "<group>"; };
		554BEF251D4A934800B55FD5 /* Boss3.swift */ = {isa = PBXFileReference; fileEncoding = 4; lastKnownFileType = sourcecode.swift; path = Boss3.swift; sourceTree = "<group>"; };
		554BEF271D4AC46A00B55FD5 /* Boss4.swift */ = {isa = PBXFileReference; fileEncoding = 4; lastKnownFileType = sourcecode.swift; path = Boss4.swift; sourceTree = "<group>"; };
		554BEF291D4ACA3D00B55FD5 /* Boss4Bullet.swift */ = {isa = PBXFileReference; fileEncoding = 4; lastKnownFileType = sourcecode.swift; path = Boss4Bullet.swift; sourceTree = "<group>"; };
		55796E131D33FE1A0030E37C /* Silver Flight.app */ = {isa = PBXFileReference; explicitFileType = wrapper.application; includeInIndex = 0; path = "Silver Flight.app"; sourceTree = BUILT_PRODUCTS_DIR; };
		55796E161D33FE1A0030E37C /* AppDelegate.swift */ = {isa = PBXFileReference; lastKnownFileType = sourcecode.swift; path = AppDelegate.swift; sourceTree = "<group>"; };
		55796E181D33FE1A0030E37C /* GameScene.sks */ = {isa = PBXFileReference; lastKnownFileType = file.sks; path = GameScene.sks; sourceTree = "<group>"; };
		55796E1A1D33FE1A0030E37C /* GameScene.swift */ = {isa = PBXFileReference; lastKnownFileType = sourcecode.swift; path = GameScene.swift; sourceTree = "<group>"; };
		55796E1C1D33FE1A0030E37C /* GameViewController.swift */ = {isa = PBXFileReference; lastKnownFileType = sourcecode.swift; path = GameViewController.swift; sourceTree = "<group>"; };
		55796E1F1D33FE1A0030E37C /* Base */ = {isa = PBXFileReference; lastKnownFileType = file.storyboard; name = Base; path = Base.lproj/Main.storyboard; sourceTree = "<group>"; };
		55796E241D33FE1A0030E37C /* Base */ = {isa = PBXFileReference; lastKnownFileType = file.storyboard; name = Base; path = Base.lproj/LaunchScreen.storyboard; sourceTree = "<group>"; };
		55796E261D33FE1A0030E37C /* Info.plist */ = {isa = PBXFileReference; lastKnownFileType = text.plist.xml; path = Info.plist; sourceTree = "<group>"; };
		55796E2B1D33FE1B0030E37C /* Silver Flight.xctest */ = {isa = PBXFileReference; explicitFileType = wrapper.cfbundle; includeInIndex = 0; path = "Silver Flight.xctest"; sourceTree = BUILT_PRODUCTS_DIR; };
		55796E2F1D33FE1B0030E37C /* FinalGameTests.swift */ = {isa = PBXFileReference; lastKnownFileType = sourcecode.swift; path = FinalGameTests.swift; sourceTree = "<group>"; };
		55796E311D33FE1B0030E37C /* Info.plist */ = {isa = PBXFileReference; lastKnownFileType = text.plist.xml; path = Info.plist; sourceTree = "<group>"; };
		55796E361D33FE1B0030E37C /* Silver Flight.xctest */ = {isa = PBXFileReference; explicitFileType = wrapper.cfbundle; includeInIndex = 0; path = "Silver Flight.xctest"; sourceTree = BUILT_PRODUCTS_DIR; };
		55796E3A1D33FE1B0030E37C /* FinalGameUITests.swift */ = {isa = PBXFileReference; lastKnownFileType = sourcecode.swift; path = FinalGameUITests.swift; sourceTree = "<group>"; };
		55796E3C1D33FE1B0030E37C /* Info.plist */ = {isa = PBXFileReference; lastKnownFileType = text.plist.xml; path = Info.plist; sourceTree = "<group>"; };
		55796E481D3409090030E37C /* Assets.xcassets */ = {isa = PBXFileReference; lastKnownFileType = folder.assetcatalog; path = Assets.xcassets; sourceTree = "<group>"; };
		55796E4A1D340A7D0030E37C /* Bullet.swift */ = {isa = PBXFileReference; fileEncoding = 4; lastKnownFileType = sourcecode.swift; path = Bullet.swift; sourceTree = "<group>"; };
		55796E4D1D340AFF0030E37C /* MSReferenceNode.swift */ = {isa = PBXFileReference; fileEncoding = 4; lastKnownFileType = sourcecode.swift; path = MSReferenceNode.swift; sourceTree = "<group>"; };
		55796E4F1D340B050030E37C /* CGFloat+Extensions.swift */ = {isa = PBXFileReference; fileEncoding = 4; lastKnownFileType = sourcecode.swift; path = "CGFloat+Extensions.swift"; sourceTree = "<group>"; };
		55796E511D340B190030E37C /* MSButtonNode.swift */ = {isa = PBXFileReference; fileEncoding = 4; lastKnownFileType = sourcecode.swift; path = MSButtonNode.swift; sourceTree = "<group>"; };
		55796E541D340B6C0030E37C /* CGPoint+Extensions.swift */ = {isa = PBXFileReference; fileEncoding = 4; lastKnownFileType = sourcecode.swift; path = "CGPoint+Extensions.swift"; sourceTree = "<group>"; };
		55796E561D340B830030E37C /* CGVector+Extensions.swift */ = {isa = PBXFileReference; fileEncoding = 4; lastKnownFileType = sourcecode.swift; path = "CGVector+Extensions.swift"; sourceTree = "<group>"; };
		55796E581D340B880030E37C /* Int+Extensions.swift */ = {isa = PBXFileReference; fileEncoding = 4; lastKnownFileType = sourcecode.swift; path = "Int+Extensions.swift"; sourceTree = "<group>"; };
		55796E5A1D340B8F0030E37C /* SKAction+Extensions.swift */ = {isa = PBXFileReference; fileEncoding = 4; lastKnownFileType = sourcecode.swift; path = "SKAction+Extensions.swift"; sourceTree = "<group>"; };
		55796E5C1D340B970030E37C /* SKAction+SpecialEffects.swift */ = {isa = PBXFileReference; fileEncoding = 4; lastKnownFileType = sourcecode.swift; path = "SKAction+SpecialEffects.swift"; sourceTree = "<group>"; };
		55796E5E1D340B9D0030E37C /* SKColor+Extensions.swift */ = {isa = PBXFileReference; fileEncoding = 4; lastKnownFileType = sourcecode.swift; path = "SKColor+Extensions.swift"; sourceTree = "<group>"; };
		55796E601D340BA10030E37C /* SKNode+Extensions.swift */ = {isa = PBXFileReference; fileEncoding = 4; lastKnownFileType = sourcecode.swift; path = "SKNode+Extensions.swift"; sourceTree = "<group>"; };
		55796E621D340BA50030E37C /* SKTAudio.swift */ = {isa = PBXFileReference; fileEncoding = 4; lastKnownFileType = sourcecode.swift; path = SKTAudio.swift; sourceTree = "<group>"; };
		55796E641D340BB30030E37C /* SKTEffects.swift */ = {isa = PBXFileReference; fileEncoding = 4; lastKnownFileType = sourcecode.swift; path = SKTEffects.swift; sourceTree = "<group>"; };
		55796E661D340BB80030E37C /* SKTTimingFunctions.swift */ = {isa = PBXFileReference; fileEncoding = 4; lastKnownFileType = sourcecode.swift; path = SKTTimingFunctions.swift; sourceTree = "<group>"; };
		55796E681D340BBC0030E37C /* Vector3.swift */ = {isa = PBXFileReference; fileEncoding = 4; lastKnownFileType = sourcecode.swift; path = Vector3.swift; sourceTree = "<group>"; };
		558821F11D46C2CF009B1BEC /* Circle.swift */ = {isa = PBXFileReference; fileEncoding = 4; lastKnownFileType = sourcecode.swift; path = Circle.swift; sourceTree = "<group>"; };
		558821F31D46CCBE009B1BEC /* CircleBullet.swift */ = {isa = PBXFileReference; fileEncoding = 4; lastKnownFileType = sourcecode.swift; path = CircleBullet.swift; sourceTree = "<group>"; };
		558821F61D47DE26009B1BEC /* Boss1.swift */ = {isa = PBXFileReference; fileEncoding = 4; lastKnownFileType = sourcecode.swift; path = Boss1.swift; sourceTree = "<group>"; };
		558821F81D480433009B1BEC /* Boss2.swift */ = {isa = PBXFileReference; fileEncoding = 4; lastKnownFileType = sourcecode.swift; path = Boss2.swift; sourceTree = "<group>"; };
		558821FA1D4809BC009B1BEC /* TargetLock.swift */ = {isa = PBXFileReference; fileEncoding = 4; lastKnownFileType = sourcecode.swift; path = TargetLock.swift; sourceTree = "<group>"; };
		558821FC1D480ED0009B1BEC /* AnimationActions.sks */ = {isa = PBXFileReference; lastKnownFileType = file.sks; name = AnimationActions.sks; path = ../AnimationActions.sks; sourceTree = "<group>"; };
		558822001D492147009B1BEC /* TitleScene.sks */ = {isa = PBXFileReference; lastKnownFileType = file.sks; name = TitleScene.sks; path = ../TitleScene.sks; sourceTree = "<group>"; };
		558822021D49231E009B1BEC /* TitleScene.swift */ = {isa = PBXFileReference; fileEncoding = 4; lastKnownFileType = sourcecode.swift; path = TitleScene.swift; sourceTree = "<group>"; };
		558822041D494701009B1BEC /* TutorialScene.sks */ = {isa = PBXFileReference; lastKnownFileType = file.sks; path = TutorialScene.sks; sourceTree = "<group>"; };
		558822061D494710009B1BEC /* TutorialScene.swift */ = {isa = PBXFileReference; fileEncoding = 4; lastKnownFileType = sourcecode.swift; path = TutorialScene.swift; sourceTree = "<group>"; };
		558A3BCC1D3FDFAE00A2E8E4 /* TriangleBullet.swift */ = {isa = PBXFileReference; fileEncoding = 4; lastKnownFileType = sourcecode.swift; path = TriangleBullet.swift; sourceTree = "<group>"; };
		558A3BCE1D3FE41D00A2E8E4 /* TrapezoidBullet.swift */ = {isa = PBXFileReference; fileEncoding = 4; lastKnownFileType = sourcecode.swift; path = TrapezoidBullet.swift; sourceTree = "<group>"; };
		558A3BD01D3FE49F00A2E8E4 /* LazerBullet.swift */ = {isa = PBXFileReference; fileEncoding = 4; lastKnownFileType = sourcecode.swift; path = LazerBullet.swift; sourceTree = "<group>"; };
		5597D6F71D36A2D500AE2C7C /* Enemy.swift */ = {isa = PBXFileReference; fileEncoding = 4; lastKnownFileType = sourcecode.swift; path = Enemy.swift; sourceTree = "<group>"; };
		55A036821D58F6B100954AD7 /* shoot.mp3 */ = {isa = PBXFileReference; lastKnownFileType = audio.mp3; path = shoot.mp3; sourceTree = "<group>"; };
		55A0368B1D59529600954AD7 /* Sunset Shop.mp3 */ = {isa = PBXFileReference; lastKnownFileType = audio.mp3; path = "Sunset Shop.mp3"; sourceTree = "<group>"; };
		55A0368F1D59672900954AD7 /* Purple Expansion.mp3 */ = {isa = PBXFileReference; lastKnownFileType = audio.mp3; path = "Purple Expansion.mp3"; sourceTree = "<group>"; };
		55A036911D596B4C00954AD7 /* Brixton Decision.mp3 */ = {isa = PBXFileReference; lastKnownFileType = audio.mp3; path = "Brixton Decision.mp3"; sourceTree = "<group>"; };
		55A1E50D1D3EC44C005CA54E /* Lazer.swift */ = {isa = PBXFileReference; fileEncoding = 4; lastKnownFileType = sourcecode.swift; path = Lazer.swift; sourceTree = "<group>"; };
		55D3520F1D529B940043775D /* Boss7.swift */ = {isa = PBXFileReference; fileEncoding = 4; lastKnownFileType = sourcecode.swift; path = Boss7.swift; sourceTree = "<group>"; };
		55DA69531D55273A0081A627 /* Hoxton Lives.mp3 */ = {isa = PBXFileReference; lastKnownFileType = audio.mp3; path = "Hoxton Lives.mp3"; sourceTree = "<group>"; };
		55DA69551D552E310081A627 /* Flaming Days.mp3 */ = {isa = PBXFileReference; lastKnownFileType = audio.mp3; path = "Flaming Days.mp3"; sourceTree = "<group>"; };
		55E110741D5105F7002D0CA3 /* Boss6Bullet.swift */ = {isa = PBXFileReference; fileEncoding = 4; lastKnownFileType = sourcecode.swift; path = Boss6Bullet.swift; sourceTree = "<group>"; };
		55E110761D5112CB002D0CA3 /* Missile.swift */ = {isa = PBXFileReference; fileEncoding = 4; lastKnownFileType = sourcecode.swift; path = Missile.swift; sourceTree = "<group>"; };
		55E110781D51310E002D0CA3 /* ShopScene.sks */ = {isa = PBXFileReference; lastKnownFileType = file.sks; path = ShopScene.sks; sourceTree = "<group>"; };
		55E1107A1D513123002D0CA3 /* ShopScene.swift */ = {isa = PBXFileReference; fileEncoding = 4; lastKnownFileType = sourcecode.swift; path = ShopScene.swift; sourceTree = "<group>"; };
		55E1107C1D513D41002D0CA3 /* MainScene.sks */ = {isa = PBXFileReference; lastKnownFileType = file.sks; path = MainScene.sks; sourceTree = "<group>"; };
		55E1107E1D513E0D002D0CA3 /* MainScene.swift */ = {isa = PBXFileReference; fileEncoding = 4; lastKnownFileType = sourcecode.swift; path = MainScene.swift; sourceTree = "<group>"; };
		55E110801D515121002D0CA3 /* UserState.swift */ = {isa = PBXFileReference; fileEncoding = 4; lastKnownFileType = sourcecode.swift; path = UserState.swift; sourceTree = "<group>"; };
		55FDAD711D345B8B004E45B7 /* Square.swift */ = {isa = PBXFileReference; fileEncoding = 4; lastKnownFileType = sourcecode.swift; path = Square.swift; sourceTree = "<group>"; };
		6F2747C96E85776B962AEEDA /* Pods-FinalGame.release.xcconfig */ = {isa = PBXFileReference; includeInIndex = 1; lastKnownFileType = text.xcconfig; name = "Pods-FinalGame.release.xcconfig"; path = "Pods/Target Support Files/Pods-FinalGame/Pods-FinalGame.release.xcconfig"; sourceTree = "<group>"; };
		8CB31A8F529E7C71D4E10AA1 /* Pods_FinalGameUITests.framework */ = {isa = PBXFileReference; explicitFileType = wrapper.framework; includeInIndex = 0; path = Pods_FinalGameUITests.framework; sourceTree = BUILT_PRODUCTS_DIR; };
		B49F0DAFB87DB9717DE8932C /* Pods-FinalGame.debug.xcconfig */ = {isa = PBXFileReference; includeInIndex = 1; lastKnownFileType = text.xcconfig; name = "Pods-FinalGame.debug.xcconfig"; path = "Pods/Target Support Files/Pods-FinalGame/Pods-FinalGame.debug.xcconfig"; sourceTree = "<group>"; };
		CDECD2B84DFEAAC8E888D1C4 /* Pods_FinalGameTests.framework */ = {isa = PBXFileReference; explicitFileType = wrapper.framework; includeInIndex = 0; path = Pods_FinalGameTests.framework; sourceTree = BUILT_PRODUCTS_DIR; };
		D4C9E432EAF6CA72938213F8 /* Pods-FinalGameTests.release.xcconfig */ = {isa = PBXFileReference; includeInIndex = 1; lastKnownFileType = text.xcconfig; name = "Pods-FinalGameTests.release.xcconfig"; path = "Pods/Target Support Files/Pods-FinalGameTests/Pods-FinalGameTests.release.xcconfig"; sourceTree = "<group>"; };
		DA4D5CE5C0E98A82B3AE0114 /* Pods_FinalGame.framework */ = {isa = PBXFileReference; explicitFileType = wrapper.framework; includeInIndex = 0; path = Pods_FinalGame.framework; sourceTree = BUILT_PRODUCTS_DIR; };
		E5A91D45E19EE1A46CE8D558 /* Pods-FinalGameUITests.debug.xcconfig */ = {isa = PBXFileReference; includeInIndex = 1; lastKnownFileType = text.xcconfig; name = "Pods-FinalGameUITests.debug.xcconfig"; path = "Pods/Target Support Files/Pods-FinalGameUITests/Pods-FinalGameUITests.debug.xcconfig"; sourceTree = "<group>"; };
/* End PBXFileReference section */

/* Begin PBXFrameworksBuildPhase section */
		55796E101D33FE1A0030E37C /* Frameworks */ = {
			isa = PBXFrameworksBuildPhase;
			buildActionMask = 2147483647;
			files = (
				77817CEF3BC5397088D6D791 /* Pods_FinalGame.framework in Frameworks */,
			);
			runOnlyForDeploymentPostprocessing = 0;
		};
		55796E281D33FE1B0030E37C /* Frameworks */ = {
			isa = PBXFrameworksBuildPhase;
			buildActionMask = 2147483647;
			files = (
				1BCD9B96F42FCAD73DF5C4DA /* Pods_FinalGameTests.framework in Frameworks */,
			);
			runOnlyForDeploymentPostprocessing = 0;
		};
		55796E331D33FE1B0030E37C /* Frameworks */ = {
			isa = PBXFrameworksBuildPhase;
			buildActionMask = 2147483647;
			files = (
				CA99C61B3AE7B59CDA283B34 /* Pods_FinalGameUITests.framework in Frameworks */,
			);
			runOnlyForDeploymentPostprocessing = 0;
		};
/* End PBXFrameworksBuildPhase section */

/* Begin PBXGroup section */
		275F273322CD5628A6CE196C /* Frameworks */ = {
			isa = PBXGroup;
			children = (
				DA4D5CE5C0E98A82B3AE0114 /* Pods_FinalGame.framework */,
				CDECD2B84DFEAAC8E888D1C4 /* Pods_FinalGameTests.framework */,
				8CB31A8F529E7C71D4E10AA1 /* Pods_FinalGameUITests.framework */,
			);
			name = Frameworks;
			sourceTree = "<group>";
		};
		5504C3061D38029F00184648 /* Enemies */ = {
			isa = PBXGroup;
			children = (
				5597D6F71D36A2D500AE2C7C /* Enemy.swift */,
				55FDAD711D345B8B004E45B7 /* Square.swift */,
				5504C3011D36EA6900184648 /* Triangle.swift */,
				558821F11D46C2CF009B1BEC /* Circle.swift */,
				5504C3071D39888700184648 /* Trapezoid.swift */,
				55E110761D5112CB002D0CA3 /* Missile.swift */,
				55A1E50D1D3EC44C005CA54E /* Lazer.swift */,
			);
			name = Enemies;
			sourceTree = "<group>";
		};
		55796E0A1D33FE1A0030E37C = {
			isa = PBXGroup;
			children = (
				55796E151D33FE1A0030E37C /* FinalGame */,
				55796E2E1D33FE1B0030E37C /* FinalGameTests */,
				55796E391D33FE1B0030E37C /* FinalGameUITests */,
				55796E141D33FE1A0030E37C /* Products */,
				79F5976EC254E495506530AD /* Pods */,
				275F273322CD5628A6CE196C /* Frameworks */,
			);
			sourceTree = "<group>";
		};
		55796E141D33FE1A0030E37C /* Products */ = {
			isa = PBXGroup;
			children = (
				55796E131D33FE1A0030E37C /* Silver Flight.app */,
				55796E2B1D33FE1B0030E37C /* Silver Flight.xctest */,
				55796E361D33FE1B0030E37C /* Silver Flight.xctest */,
			);
			name = Products;
			sourceTree = "<group>";
		};
		55796E151D33FE1A0030E37C /* FinalGame */ = {
			isa = PBXGroup;
			children = (
				558821F51D47DE18009B1BEC /* Bosses */,
				558A3BCB1D3FDF6D00A2E8E4 /* EnemyBullets */,
				5504C3061D38029F00184648 /* Enemies */,
				55796E4C1D340AA50030E37C /* Utils */,
				55796E161D33FE1A0030E37C /* AppDelegate.swift */,
				558821FC1D480ED0009B1BEC /* AnimationActions.sks */,
				55E110801D515121002D0CA3 /* UserState.swift */,
				55796E181D33FE1A0030E37C /* GameScene.sks */,
				55796E1A1D33FE1A0030E37C /* GameScene.swift */,
				55E110781D51310E002D0CA3 /* ShopScene.sks */,
				55E1107A1D513123002D0CA3 /* ShopScene.swift */,
				55E1107C1D513D41002D0CA3 /* MainScene.sks */,
				55E1107E1D513E0D002D0CA3 /* MainScene.swift */,
				558822001D492147009B1BEC /* TitleScene.sks */,
				558822021D49231E009B1BEC /* TitleScene.swift */,
				558822041D494701009B1BEC /* TutorialScene.sks */,
				558822061D494710009B1BEC /* TutorialScene.swift */,
				55796E1C1D33FE1A0030E37C /* GameViewController.swift */,
				55796E1E1D33FE1A0030E37C /* Main.storyboard */,
				55796E231D33FE1A0030E37C /* LaunchScreen.storyboard */,
				55796E481D3409090030E37C /* Assets.xcassets */,
				55DA69531D55273A0081A627 /* Hoxton Lives.mp3 */,
				55DA69551D552E310081A627 /* Flaming Days.mp3 */,
				55A0368B1D59529600954AD7 /* Sunset Shop.mp3 */,
				55A036911D596B4C00954AD7 /* Brixton Decision.mp3 */,
				55A0368F1D59672900954AD7 /* Purple Expansion.mp3 */,
				55A036821D58F6B100954AD7 /* shoot.mp3 */,
				5510B91A1D5BA01A00B43D26 /* woosh.wav */,
				5510B91C1D5BBDCD00B43D26 /* purchase.wav */,
				5510B9181D5B97FD00B43D26 /* EnemyDeath.mp3 */,
				55796E4A1D340A7D0030E37C /* Bullet.swift */,
				55796E261D33FE1A0030E37C /* Info.plist */,
			);
			path = FinalGame;
			sourceTree = "<group>";
		};
		55796E2E1D33FE1B0030E37C /* FinalGameTests */ = {
			isa = PBXGroup;
			children = (
				55796E2F1D33FE1B0030E37C /* FinalGameTests.swift */,
				55796E311D33FE1B0030E37C /* Info.plist */,
			);
			path = FinalGameTests;
			sourceTree = "<group>";
		};
		55796E391D33FE1B0030E37C /* FinalGameUITests */ = {
			isa = PBXGroup;
			children = (
				55796E3A1D33FE1B0030E37C /* FinalGameUITests.swift */,
				55796E3C1D33FE1B0030E37C /* Info.plist */,
			);
			path = FinalGameUITests;
			sourceTree = "<group>";
		};
		55796E4C1D340AA50030E37C /* Utils */ = {
			isa = PBXGroup;
			children = (
				55796E531D340B270030E37C /* SKTUtils */,
				55796E4D1D340AFF0030E37C /* MSReferenceNode.swift */,
				55796E511D340B190030E37C /* MSButtonNode.swift */,
				55796E4F1D340B050030E37C /* CGFloat+Extensions.swift */,
			);
			name = Utils;
			sourceTree = "<group>";
		};
		55796E531D340B270030E37C /* SKTUtils */ = {
			isa = PBXGroup;
			children = (
				55796E581D340B880030E37C /* Int+Extensions.swift */,
				55796E561D340B830030E37C /* CGVector+Extensions.swift */,
				55796E5A1D340B8F0030E37C /* SKAction+Extensions.swift */,
				55796E5E1D340B9D0030E37C /* SKColor+Extensions.swift */,
				55796E621D340BA50030E37C /* SKTAudio.swift */,
				55796E661D340BB80030E37C /* SKTTimingFunctions.swift */,
				55796E681D340BBC0030E37C /* Vector3.swift */,
				55796E5C1D340B970030E37C /* SKAction+SpecialEffects.swift */,
				55796E601D340BA10030E37C /* SKNode+Extensions.swift */,
				55796E641D340BB30030E37C /* SKTEffects.swift */,
				55796E541D340B6C0030E37C /* CGPoint+Extensions.swift */,
			);
			name = SKTUtils;
			sourceTree = "<group>";
		};
		558821F51D47DE18009B1BEC /* Bosses */ = {
			isa = PBXGroup;
			children = (
				558821F61D47DE26009B1BEC /* Boss1.swift */,
				558821F81D480433009B1BEC /* Boss2.swift */,
				554BEF251D4A934800B55FD5 /* Boss3.swift */,
				554BEF271D4AC46A00B55FD5 /* Boss4.swift */,
				551C3EF41D4FF6AF00DBC76C /* Boss5.swift */,
				551C3EF61D5016E800DBC76C /* Boss6.swift */,
				55D3520F1D529B940043775D /* Boss7.swift */,
				558821FA1D4809BC009B1BEC /* TargetLock.swift */,
			);
			name = Bosses;
			sourceTree = "<group>";
		};
		558A3BCB1D3FDF6D00A2E8E4 /* EnemyBullets */ = {
			isa = PBXGroup;
			children = (
				5504C3031D36FA4100184648 /* EnemyBullet.swift */,
				558A3BCC1D3FDFAE00A2E8E4 /* TriangleBullet.swift */,
				558A3BCE1D3FE41D00A2E8E4 /* TrapezoidBullet.swift */,
				558A3BD01D3FE49F00A2E8E4 /* LazerBullet.swift */,
				558821F31D46CCBE009B1BEC /* CircleBullet.swift */,
				551C3EF21D4FC57700DBC76C /* MissileBullet.swift */,
				554BEF291D4ACA3D00B55FD5 /* Boss4Bullet.swift */,
				55E110741D5105F7002D0CA3 /* Boss6Bullet.swift */,
			);
			name = EnemyBullets;
			sourceTree = "<group>";
		};
		79F5976EC254E495506530AD /* Pods */ = {
			isa = PBXGroup;
			children = (
				B49F0DAFB87DB9717DE8932C /* Pods-FinalGame.debug.xcconfig */,
				6F2747C96E85776B962AEEDA /* Pods-FinalGame.release.xcconfig */,
				51D6564FDC5BA0507D035B33 /* Pods-FinalGameTests.debug.xcconfig */,
				D4C9E432EAF6CA72938213F8 /* Pods-FinalGameTests.release.xcconfig */,
				E5A91D45E19EE1A46CE8D558 /* Pods-FinalGameUITests.debug.xcconfig */,
				2B9578292EDA710A70DB1023 /* Pods-FinalGameUITests.release.xcconfig */,
			);
			name = Pods;
			sourceTree = "<group>";
		};
/* End PBXGroup section */

/* Begin PBXNativeTarget section */
		55796E121D33FE1A0030E37C /* Silver Flight */ = {
			isa = PBXNativeTarget;
			buildConfigurationList = 55796E3F1D33FE1B0030E37C /* Build configuration list for PBXNativeTarget "Silver Flight" */;
			buildPhases = (
				C12EB9F5DE0AD8C47267DFE7 /* [CP] Check Pods Manifest.lock */,
				55796E0F1D33FE1A0030E37C /* Sources */,
				55796E101D33FE1A0030E37C /* Frameworks */,
				55796E111D33FE1A0030E37C /* Resources */,
				2B434A9758CB94B5A488720C /* [CP] Embed Pods Frameworks */,
				164893E99F5A8A544BAB326C /* [CP] Copy Pods Resources */,
			);
			buildRules = (
			);
			dependencies = (
			);
			name = "Silver Flight";
			productName = FinalGame;
			productReference = 55796E131D33FE1A0030E37C /* Silver Flight.app */;
			productType = "com.apple.product-type.application";
		};
		55796E2A1D33FE1B0030E37C /* Silver FlightTests */ = {
			isa = PBXNativeTarget;
			buildConfigurationList = 55796E421D33FE1B0030E37C /* Build configuration list for PBXNativeTarget "Silver FlightTests" */;
			buildPhases = (
				41117F06EB78BFACBA312005 /* [CP] Check Pods Manifest.lock */,
				55796E271D33FE1B0030E37C /* Sources */,
				55796E281D33FE1B0030E37C /* Frameworks */,
				55796E291D33FE1B0030E37C /* Resources */,
				18DADD616A14430A46FE69CA /* [CP] Embed Pods Frameworks */,
				DD24D3F27059999DC4FE456B /* [CP] Copy Pods Resources */,
			);
			buildRules = (
			);
			dependencies = (
				55796E2D1D33FE1B0030E37C /* PBXTargetDependency */,
			);
			name = "Silver FlightTests";
			productName = FinalGameTests;
			productReference = 55796E2B1D33FE1B0030E37C /* Silver Flight.xctest */;
			productType = "com.apple.product-type.bundle.unit-test";
		};
		55796E351D33FE1B0030E37C /* Silver FlightUITests */ = {
			isa = PBXNativeTarget;
			buildConfigurationList = 55796E451D33FE1B0030E37C /* Build configuration list for PBXNativeTarget "Silver FlightUITests" */;
			buildPhases = (
				BF7DD8F564924D33F3B2B453 /* [CP] Check Pods Manifest.lock */,
				55796E321D33FE1B0030E37C /* Sources */,
				55796E331D33FE1B0030E37C /* Frameworks */,
				55796E341D33FE1B0030E37C /* Resources */,
				09655AF2F53414DE330CE450 /* [CP] Copy Pods Resources */,
			);
			buildRules = (
			);
			dependencies = (
				55796E381D33FE1B0030E37C /* PBXTargetDependency */,
			);
			name = "Silver FlightUITests";
			productName = FinalGameUITests;
			productReference = 55796E361D33FE1B0030E37C /* Silver Flight.xctest */;
			productType = "com.apple.product-type.bundle.ui-testing";
		};
/* End PBXNativeTarget section */

/* Begin PBXProject section */
		55796E0B1D33FE1A0030E37C /* Project object */ = {
			isa = PBXProject;
			attributes = {
				LastSwiftUpdateCheck = 0730;
				LastUpgradeCheck = 0730;
				ORGANIZATIONNAME = MakeSchool;
				TargetAttributes = {
					55796E121D33FE1A0030E37C = {
						CreatedOnToolsVersion = 7.3.1;
						DevelopmentTeam = GRG4T5L45N;
					};
					55796E2A1D33FE1B0030E37C = {
						CreatedOnToolsVersion = 7.3.1;
						TestTargetID = 55796E121D33FE1A0030E37C;
					};
					55796E351D33FE1B0030E37C = {
						CreatedOnToolsVersion = 7.3.1;
						TestTargetID = 55796E121D33FE1A0030E37C;
					};
				};
			};
			buildConfigurationList = 55796E0E1D33FE1A0030E37C /* Build configuration list for PBXProject "Silver Flight" */;
			compatibilityVersion = "Xcode 3.2";
			developmentRegion = English;
			hasScannedForEncodings = 0;
			knownRegions = (
				en,
				Base,
			);
			mainGroup = 55796E0A1D33FE1A0030E37C;
			productRefGroup = 55796E141D33FE1A0030E37C /* Products */;
			projectDirPath = "";
			projectRoot = "";
			targets = (
				55796E121D33FE1A0030E37C /* Silver Flight */,
				55796E2A1D33FE1B0030E37C /* Silver FlightTests */,
				55796E351D33FE1B0030E37C /* Silver FlightUITests */,
			);
		};
/* End PBXProject section */

/* Begin PBXResourcesBuildPhase section */
		55796E111D33FE1A0030E37C /* Resources */ = {
			isa = PBXResourcesBuildPhase;
			buildActionMask = 2147483647;
			files = (
				5510B9191D5B97FE00B43D26 /* EnemyDeath.mp3 in Resources */,
				55DA69541D55273A0081A627 /* Hoxton Lives.mp3 in Resources */,
				55DA69561D552E310081A627 /* Flaming Days.mp3 in Resources */,
				558821FD1D480ED0009B1BEC /* AnimationActions.sks in Resources */,
				55796E191D33FE1A0030E37C /* GameScene.sks in Resources */,
				5510B91B1D5BA01A00B43D26 /* woosh.wav in Resources */,
				55A036831D58F6B100954AD7 /* shoot.mp3 in Resources */,
				55E1107D1D513D41002D0CA3 /* MainScene.sks in Resources */,
				55A036921D596B4C00954AD7 /* Brixton Decision.mp3 in Resources */,
				55796E251D33FE1A0030E37C /* LaunchScreen.storyboard in Resources */,
				55796E491D3409090030E37C /* Assets.xcassets in Resources */,
				5510B91D1D5BBDCD00B43D26 /* purchase.wav in Resources */,
				55A036901D59672900954AD7 /* Purple Expansion.mp3 in Resources */,
				55E110791D51310E002D0CA3 /* ShopScene.sks in Resources */,
				55A0368C1D59529600954AD7 /* Sunset Shop.mp3 in Resources */,
				55796E201D33FE1A0030E37C /* Main.storyboard in Resources */,
				558822051D494701009B1BEC /* TutorialScene.sks in Resources */,
				558822011D492147009B1BEC /* TitleScene.sks in Resources */,
			);
			runOnlyForDeploymentPostprocessing = 0;
		};
		55796E291D33FE1B0030E37C /* Resources */ = {
			isa = PBXResourcesBuildPhase;
			buildActionMask = 2147483647;
			files = (
			);
			runOnlyForDeploymentPostprocessing = 0;
		};
		55796E341D33FE1B0030E37C /* Resources */ = {
			isa = PBXResourcesBuildPhase;
			buildActionMask = 2147483647;
			files = (
			);
			runOnlyForDeploymentPostprocessing = 0;
		};
/* End PBXResourcesBuildPhase section */

/* Begin PBXShellScriptBuildPhase section */
		09655AF2F53414DE330CE450 /* [CP] Copy Pods Resources */ = {
			isa = PBXShellScriptBuildPhase;
			buildActionMask = 2147483647;
			files = (
			);
			inputPaths = (
			);
			name = "[CP] Copy Pods Resources";
			outputPaths = (
			);
			runOnlyForDeploymentPostprocessing = 0;
			shellPath = /bin/sh;
			shellScript = "\"${SRCROOT}/Pods/Target Support Files/Pods-FinalGameUITests/Pods-FinalGameUITests-resources.sh\"\n";
			showEnvVarsInLog = 0;
		};
		164893E99F5A8A544BAB326C /* [CP] Copy Pods Resources */ = {
			isa = PBXShellScriptBuildPhase;
			buildActionMask = 2147483647;
			files = (
			);
			inputPaths = (
			);
			name = "[CP] Copy Pods Resources";
			outputPaths = (
			);
			runOnlyForDeploymentPostprocessing = 0;
			shellPath = /bin/sh;
			shellScript = "\"${SRCROOT}/Pods/Target Support Files/Pods-FinalGame/Pods-FinalGame-resources.sh\"\n";
			showEnvVarsInLog = 0;
		};
		18DADD616A14430A46FE69CA /* [CP] Embed Pods Frameworks */ = {
			isa = PBXShellScriptBuildPhase;
			buildActionMask = 2147483647;
			files = (
			);
			inputPaths = (
			);
			name = "[CP] Embed Pods Frameworks";
			outputPaths = (
			);
			runOnlyForDeploymentPostprocessing = 0;
			shellPath = /bin/sh;
			shellScript = "\"${SRCROOT}/Pods/Target Support Files/Pods-FinalGameTests/Pods-FinalGameTests-frameworks.sh\"\n";
			showEnvVarsInLog = 0;
		};
		2B434A9758CB94B5A488720C /* [CP] Embed Pods Frameworks */ = {
			isa = PBXShellScriptBuildPhase;
			buildActionMask = 2147483647;
			files = (
			);
			inputPaths = (
			);
			name = "[CP] Embed Pods Frameworks";
			outputPaths = (
			);
			runOnlyForDeploymentPostprocessing = 0;
			shellPath = /bin/sh;
			shellScript = "\"${SRCROOT}/Pods/Target Support Files/Pods-FinalGame/Pods-FinalGame-frameworks.sh\"\n";
			showEnvVarsInLog = 0;
		};
		41117F06EB78BFACBA312005 /* [CP] Check Pods Manifest.lock */ = {
			isa = PBXShellScriptBuildPhase;
			buildActionMask = 2147483647;
			files = (
			);
			inputPaths = (
			);
			name = "[CP] Check Pods Manifest.lock";
			outputPaths = (
			);
			runOnlyForDeploymentPostprocessing = 0;
			shellPath = /bin/sh;
			shellScript = "diff \"${PODS_ROOT}/../Podfile.lock\" \"${PODS_ROOT}/Manifest.lock\" > /dev/null\nif [[ $? != 0 ]] ; then\n    cat << EOM\nerror: The sandbox is not in sync with the Podfile.lock. Run 'pod install' or update your CocoaPods installation.\nEOM\n    exit 1\nfi\n";
			showEnvVarsInLog = 0;
		};
		BF7DD8F564924D33F3B2B453 /* [CP] Check Pods Manifest.lock */ = {
			isa = PBXShellScriptBuildPhase;
			buildActionMask = 2147483647;
			files = (
			);
			inputPaths = (
			);
			name = "[CP] Check Pods Manifest.lock";
			outputPaths = (
			);
			runOnlyForDeploymentPostprocessing = 0;
			shellPath = /bin/sh;
			shellScript = "diff \"${PODS_ROOT}/../Podfile.lock\" \"${PODS_ROOT}/Manifest.lock\" > /dev/null\nif [[ $? != 0 ]] ; then\n    cat << EOM\nerror: The sandbox is not in sync with the Podfile.lock. Run 'pod install' or update your CocoaPods installation.\nEOM\n    exit 1\nfi\n";
			showEnvVarsInLog = 0;
		};
		C12EB9F5DE0AD8C47267DFE7 /* [CP] Check Pods Manifest.lock */ = {
			isa = PBXShellScriptBuildPhase;
			buildActionMask = 2147483647;
			files = (
			);
			inputPaths = (
			);
			name = "[CP] Check Pods Manifest.lock";
			outputPaths = (
			);
			runOnlyForDeploymentPostprocessing = 0;
			shellPath = /bin/sh;
			shellScript = "diff \"${PODS_ROOT}/../Podfile.lock\" \"${PODS_ROOT}/Manifest.lock\" > /dev/null\nif [[ $? != 0 ]] ; then\n    cat << EOM\nerror: The sandbox is not in sync with the Podfile.lock. Run 'pod install' or update your CocoaPods installation.\nEOM\n    exit 1\nfi\n";
			showEnvVarsInLog = 0;
		};
		DD24D3F27059999DC4FE456B /* [CP] Copy Pods Resources */ = {
			isa = PBXShellScriptBuildPhase;
			buildActionMask = 2147483647;
			files = (
			);
			inputPaths = (
			);
			name = "[CP] Copy Pods Resources";
			outputPaths = (
			);
			runOnlyForDeploymentPostprocessing = 0;
			shellPath = /bin/sh;
			shellScript = "\"${SRCROOT}/Pods/Target Support Files/Pods-FinalGameTests/Pods-FinalGameTests-resources.sh\"\n";
			showEnvVarsInLog = 0;
		};
/* End PBXShellScriptBuildPhase section */

/* Begin PBXSourcesBuildPhase section */
		55796E0F1D33FE1A0030E37C /* Sources */ = {
			isa = PBXSourcesBuildPhase;
			buildActionMask = 2147483647;
			files = (
				55796E1B1D33FE1A0030E37C /* GameScene.swift in Sources */,
				55E1107F1D513E0D002D0CA3 /* MainScene.swift in Sources */,
				55796E671D340BB80030E37C /* SKTTimingFunctions.swift in Sources */,
				55796E1D1D33FE1A0030E37C /* GameViewController.swift in Sources */,
				551C3EF71D5016E800DBC76C /* Boss6.swift in Sources */,
				55796E571D340B830030E37C /* CGVector+Extensions.swift in Sources */,
				558822071D494710009B1BEC /* TutorialScene.swift in Sources */,
				551C3EF31D4FC57700DBC76C /* MissileBullet.swift in Sources */,
				554BEF281D4AC46A00B55FD5 /* Boss4.swift in Sources */,
				558A3BCD1D3FDFAE00A2E8E4 /* TriangleBullet.swift in Sources */,
				55796E551D340B6C0030E37C /* CGPoint+Extensions.swift in Sources */,
				55796E171D33FE1A0030E37C /* AppDelegate.swift in Sources */,
				551C3EF51D4FF6AF00DBC76C /* Boss5.swift in Sources */,
				55E1107B1D513123002D0CA3 /* ShopScene.swift in Sources */,
				55796E521D340B190030E37C /* MSButtonNode.swift in Sources */,
				55796E631D340BA50030E37C /* SKTAudio.swift in Sources */,
				5504C3041D36FA4100184648 /* EnemyBullet.swift in Sources */,
				5504C3081D39888700184648 /* Trapezoid.swift in Sources */,
				55E110771D5112CB002D0CA3 /* Missile.swift in Sources */,
				554BEF2A1D4ACA3D00B55FD5 /* Boss4Bullet.swift in Sources */,
				55796E4E1D340AFF0030E37C /* MSReferenceNode.swift in Sources */,
				55E110751D5105F7002D0CA3 /* Boss6Bullet.swift in Sources */,
				558822031D49231E009B1BEC /* TitleScene.swift in Sources */,
				5504C3021D36EA6900184648 /* Triangle.swift in Sources */,
				55A1E50E1D3EC44C005CA54E /* Lazer.swift in Sources */,
				55796E611D340BA10030E37C /* SKNode+Extensions.swift in Sources */,
				558821F41D46CCBE009B1BEC /* CircleBullet.swift in Sources */,
				55796E5B1D340B8F0030E37C /* SKAction+Extensions.swift in Sources */,
				558A3BCF1D3FE41D00A2E8E4 /* TrapezoidBullet.swift in Sources */,
				55796E5D1D340B970030E37C /* SKAction+SpecialEffects.swift in Sources */,
				558A3BD11D3FE49F00A2E8E4 /* LazerBullet.swift in Sources */,
				55796E501D340B050030E37C /* CGFloat+Extensions.swift in Sources */,
				5597D6F81D36A2D500AE2C7C /* Enemy.swift in Sources */,
				558821F21D46C2CF009B1BEC /* Circle.swift in Sources */,
				554BEF261D4A934800B55FD5 /* Boss3.swift in Sources */,
				55796E4B1D340A7D0030E37C /* Bullet.swift in Sources */,
				55D352101D529B940043775D /* Boss7.swift in Sources */,
				55E110811D515121002D0CA3 /* UserState.swift in Sources */,
				558821F71D47DE26009B1BEC /* Boss1.swift in Sources */,
				55796E651D340BB30030E37C /* SKTEffects.swift in Sources */,
				55796E591D340B880030E37C /* Int+Extensions.swift in Sources */,
				558821FB1D4809BC009B1BEC /* TargetLock.swift in Sources */,
				55FDAD721D345B8B004E45B7 /* Square.swift in Sources */,
				558821F91D480433009B1BEC /* Boss2.swift in Sources */,
				55796E691D340BBC0030E37C /* Vector3.swift in Sources */,
				55796E5F1D340B9D0030E37C /* SKColor+Extensions.swift in Sources */,
			);
			runOnlyForDeploymentPostprocessing = 0;
		};
		55796E271D33FE1B0030E37C /* Sources */ = {
			isa = PBXSourcesBuildPhase;
			buildActionMask = 2147483647;
			files = (
				55796E301D33FE1B0030E37C /* FinalGameTests.swift in Sources */,
			);
			runOnlyForDeploymentPostprocessing = 0;
		};
		55796E321D33FE1B0030E37C /* Sources */ = {
			isa = PBXSourcesBuildPhase;
			buildActionMask = 2147483647;
			files = (
				55796E3B1D33FE1B0030E37C /* FinalGameUITests.swift in Sources */,
			);
			runOnlyForDeploymentPostprocessing = 0;
		};
/* End PBXSourcesBuildPhase section */

/* Begin PBXTargetDependency section */
		55796E2D1D33FE1B0030E37C /* PBXTargetDependency */ = {
			isa = PBXTargetDependency;
			target = 55796E121D33FE1A0030E37C /* Silver Flight */;
			targetProxy = 55796E2C1D33FE1B0030E37C /* PBXContainerItemProxy */;
		};
		55796E381D33FE1B0030E37C /* PBXTargetDependency */ = {
			isa = PBXTargetDependency;
			target = 55796E121D33FE1A0030E37C /* Silver Flight */;
			targetProxy = 55796E371D33FE1B0030E37C /* PBXContainerItemProxy */;
		};
/* End PBXTargetDependency section */

/* Begin PBXVariantGroup section */
		55796E1E1D33FE1A0030E37C /* Main.storyboard */ = {
			isa = PBXVariantGroup;
			children = (
				55796E1F1D33FE1A0030E37C /* Base */,
			);
			name = Main.storyboard;
			sourceTree = "<group>";
		};
		55796E231D33FE1A0030E37C /* LaunchScreen.storyboard */ = {
			isa = PBXVariantGroup;
			children = (
				55796E241D33FE1A0030E37C /* Base */,
			);
			name = LaunchScreen.storyboard;
			sourceTree = "<group>";
		};
/* End PBXVariantGroup section */

/* Begin XCBuildConfiguration section */
		55796E3D1D33FE1B0030E37C /* Debug */ = {
			isa = XCBuildConfiguration;
			buildSettings = {
				ALWAYS_SEARCH_USER_PATHS = NO;
				CLANG_ANALYZER_NONNULL = YES;
				CLANG_CXX_LANGUAGE_STANDARD = "gnu++0x";
				CLANG_CXX_LIBRARY = "libc++";
				CLANG_ENABLE_MODULES = YES;
				CLANG_ENABLE_OBJC_ARC = YES;
				CLANG_WARN_BOOL_CONVERSION = YES;
				CLANG_WARN_CONSTANT_CONVERSION = YES;
				CLANG_WARN_DIRECT_OBJC_ISA_USAGE = YES_ERROR;
				CLANG_WARN_EMPTY_BODY = YES;
				CLANG_WARN_ENUM_CONVERSION = YES;
				CLANG_WARN_INT_CONVERSION = YES;
				CLANG_WARN_OBJC_ROOT_CLASS = YES_ERROR;
				CLANG_WARN_UNREACHABLE_CODE = YES;
				CLANG_WARN__DUPLICATE_METHOD_MATCH = YES;
				"CODE_SIGN_IDENTITY[sdk=iphoneos*]" = "iPhone Developer";
				COPY_PHASE_STRIP = NO;
				DEBUG_INFORMATION_FORMAT = "dwarf-with-dsym";
				ENABLE_STRICT_OBJC_MSGSEND = YES;
				ENABLE_TESTABILITY = YES;
				GCC_C_LANGUAGE_STANDARD = gnu99;
				GCC_DYNAMIC_NO_PIC = NO;
				GCC_NO_COMMON_BLOCKS = YES;
				GCC_OPTIMIZATION_LEVEL = 0;
				GCC_PREPROCESSOR_DEFINITIONS = (
					"DEBUG=1",
					"$(inherited)",
				);
				GCC_WARN_64_TO_32_BIT_CONVERSION = YES;
				GCC_WARN_ABOUT_RETURN_TYPE = YES_ERROR;
				GCC_WARN_UNDECLARED_SELECTOR = YES;
				GCC_WARN_UNINITIALIZED_AUTOS = YES_AGGRESSIVE;
				GCC_WARN_UNUSED_FUNCTION = YES;
				GCC_WARN_UNUSED_VARIABLE = YES;
				IPHONEOS_DEPLOYMENT_TARGET = 9.3;
				MTL_ENABLE_DEBUG_INFO = YES;
				ONLY_ACTIVE_ARCH = YES;
				SDKROOT = iphoneos;
				SWIFT_OPTIMIZATION_LEVEL = "-Onone";
				TARGETED_DEVICE_FAMILY = "1,2";
			};
			name = Debug;
		};
		55796E3E1D33FE1B0030E37C /* Release */ = {
			isa = XCBuildConfiguration;
			buildSettings = {
				ALWAYS_SEARCH_USER_PATHS = NO;
				CLANG_ANALYZER_NONNULL = YES;
				CLANG_CXX_LANGUAGE_STANDARD = "gnu++0x";
				CLANG_CXX_LIBRARY = "libc++";
				CLANG_ENABLE_MODULES = YES;
				CLANG_ENABLE_OBJC_ARC = YES;
				CLANG_WARN_BOOL_CONVERSION = YES;
				CLANG_WARN_CONSTANT_CONVERSION = YES;
				CLANG_WARN_DIRECT_OBJC_ISA_USAGE = YES_ERROR;
				CLANG_WARN_EMPTY_BODY = YES;
				CLANG_WARN_ENUM_CONVERSION = YES;
				CLANG_WARN_INT_CONVERSION = YES;
				CLANG_WARN_OBJC_ROOT_CLASS = YES_ERROR;
				CLANG_WARN_UNREACHABLE_CODE = YES;
				CLANG_WARN__DUPLICATE_METHOD_MATCH = YES;
				"CODE_SIGN_IDENTITY[sdk=iphoneos*]" = "iPhone Developer";
				COPY_PHASE_STRIP = NO;
				DEBUG_INFORMATION_FORMAT = "dwarf-with-dsym";
				ENABLE_NS_ASSERTIONS = NO;
				ENABLE_STRICT_OBJC_MSGSEND = YES;
				GCC_C_LANGUAGE_STANDARD = gnu99;
				GCC_NO_COMMON_BLOCKS = YES;
				GCC_WARN_64_TO_32_BIT_CONVERSION = YES;
				GCC_WARN_ABOUT_RETURN_TYPE = YES_ERROR;
				GCC_WARN_UNDECLARED_SELECTOR = YES;
				GCC_WARN_UNINITIALIZED_AUTOS = YES_AGGRESSIVE;
				GCC_WARN_UNUSED_FUNCTION = YES;
				GCC_WARN_UNUSED_VARIABLE = YES;
				IPHONEOS_DEPLOYMENT_TARGET = 9.3;
				MTL_ENABLE_DEBUG_INFO = NO;
				SDKROOT = iphoneos;
				TARGETED_DEVICE_FAMILY = "1,2";
				VALIDATE_PRODUCT = YES;
			};
			name = Release;
		};
		55796E401D33FE1B0030E37C /* Debug */ = {
			isa = XCBuildConfiguration;
			baseConfigurationReference = B49F0DAFB87DB9717DE8932C /* Pods-FinalGame.debug.xcconfig */;
			buildSettings = {
				ASSETCATALOG_COMPILER_APPICON_NAME = AppIcon;
				CODE_SIGN_IDENTITY = "iPhone Developer";
				"CODE_SIGN_IDENTITY[sdk=iphoneos*]" = "iPhone Developer";
				INFOPLIST_FILE = FinalGame/Info.plist;
				LD_RUNPATH_SEARCH_PATHS = "$(inherited) @executable_path/Frameworks";
				PRODUCT_BUNDLE_IDENTIFIER = com.flagicepic.FinalGame;
				PRODUCT_NAME = "Silver Flight";
				PROVISIONING_PROFILE = "";
			};
			name = Debug;
		};
		55796E411D33FE1B0030E37C /* Release */ = {
			isa = XCBuildConfiguration;
			baseConfigurationReference = 6F2747C96E85776B962AEEDA /* Pods-FinalGame.release.xcconfig */;
			buildSettings = {
				ASSETCATALOG_COMPILER_APPICON_NAME = AppIcon;
				CODE_SIGN_IDENTITY = "iPhone Developer";
				"CODE_SIGN_IDENTITY[sdk=iphoneos*]" = "iPhone Developer";
				INFOPLIST_FILE = FinalGame/Info.plist;
				LD_RUNPATH_SEARCH_PATHS = "$(inherited) @executable_path/Frameworks";
				PRODUCT_BUNDLE_IDENTIFIER = com.flagicepic.FinalGame;
				PRODUCT_NAME = "Silver Flight";
				PROVISIONING_PROFILE = "";
			};
			name = Release;
		};
		55796E431D33FE1B0030E37C /* Debug */ = {
			isa = XCBuildConfiguration;
			baseConfigurationReference = 51D6564FDC5BA0507D035B33 /* Pods-FinalGameTests.debug.xcconfig */;
			buildSettings = {
				BUNDLE_LOADER = "$(TEST_HOST)";
				DEBUG_INFORMATION_FORMAT = dwarf;
				INFOPLIST_FILE = FinalGameTests/Info.plist;
				LD_RUNPATH_SEARCH_PATHS = "$(inherited) @executable_path/Frameworks @loader_path/Frameworks";
				PRODUCT_BUNDLE_IDENTIFIER = com.flagicepic.FinalGameTests;
				PRODUCT_NAME = "Silver Flight";
				TEST_HOST = "$(BUILT_PRODUCTS_DIR)/Silver Flight.app/Silver Flight";
			};
			name = Debug;
		};
		55796E441D33FE1B0030E37C /* Release */ = {
			isa = XCBuildConfiguration;
			baseConfigurationReference = D4C9E432EAF6CA72938213F8 /* Pods-FinalGameTests.release.xcconfig */;
			buildSettings = {
				BUNDLE_LOADER = "$(TEST_HOST)";
				INFOPLIST_FILE = FinalGameTests/Info.plist;
				LD_RUNPATH_SEARCH_PATHS = "$(inherited) @executable_path/Frameworks @loader_path/Frameworks";
				PRODUCT_BUNDLE_IDENTIFIER = com.flagicepic.FinalGameTests;
				PRODUCT_NAME = "Silver Flight";
				TEST_HOST = "$(BUILT_PRODUCTS_DIR)/Silver Flight.app/Silver Flight";
			};
			name = Release;
		};
		55796E461D33FE1B0030E37C /* Debug */ = {
			isa = XCBuildConfiguration;
			baseConfigurationReference = E5A91D45E19EE1A46CE8D558 /* Pods-FinalGameUITests.debug.xcconfig */;
			buildSettings = {
				DEBUG_INFORMATION_FORMAT = dwarf;
				INFOPLIST_FILE = FinalGameUITests/Info.plist;
				LD_RUNPATH_SEARCH_PATHS = "$(inherited) @executable_path/Frameworks @loader_path/Frameworks";
				PRODUCT_BUNDLE_IDENTIFIER = com.flagicepic.FinalGameUITests;
				PRODUCT_NAME = "Silver Flight";
				TEST_TARGET_NAME = FinalGame;
			};
			name = Debug;
		};
		55796E471D33FE1B0030E37C /* Release */ = {
			isa = XCBuildConfiguration;
			baseConfigurationReference = 2B9578292EDA710A70DB1023 /* Pods-FinalGameUITests.release.xcconfig */;
			buildSettings = {
				INFOPLIST_FILE = FinalGameUITests/Info.plist;
				LD_RUNPATH_SEARCH_PATHS = "$(inherited) @executable_path/Frameworks @loader_path/Frameworks";
				PRODUCT_BUNDLE_IDENTIFIER = com.flagicepic.FinalGameUITests;
				PRODUCT_NAME = "Silver Flight";
				TEST_TARGET_NAME = FinalGame;
			};
			name = Release;
		};
/* End XCBuildConfiguration section */

/* Begin XCConfigurationList section */
		55796E0E1D33FE1A0030E37C /* Build configuration list for PBXProject "Silver Flight" */ = {
			isa = XCConfigurationList;
			buildConfigurations = (
				55796E3D1D33FE1B0030E37C /* Debug */,
				55796E3E1D33FE1B0030E37C /* Release */,
			);
			defaultConfigurationIsVisible = 0;
			defaultConfigurationName = Release;
		};
		55796E3F1D33FE1B0030E37C /* Build configuration list for PBXNativeTarget "Silver Flight" */ = {
			isa = XCConfigurationList;
			buildConfigurations = (
				55796E401D33FE1B0030E37C /* Debug */,
				55796E411D33FE1B0030E37C /* Release */,
			);
			defaultConfigurationIsVisible = 0;
			defaultConfigurationName = Release;
		};
		55796E421D33FE1B0030E37C /* Build configuration list for PBXNativeTarget "Silver FlightTests" */ = {
			isa = XCConfigurationList;
			buildConfigurations = (
				55796E431D33FE1B0030E37C /* Debug */,
				55796E441D33FE1B0030E37C /* Release */,
			);
			defaultConfigurationIsVisible = 0;
			defaultConfigurationName = Release;
		};
		55796E451D33FE1B0030E37C /* Build configuration list for PBXNativeTarget "Silver FlightUITests" */ = {
			isa = XCConfigurationList;
			buildConfigurations = (
				55796E461D33FE1B0030E37C /* Debug */,
				55796E471D33FE1B0030E37C /* Release */,
			);
			defaultConfigurationIsVisible = 0;
			defaultConfigurationName = Release;
		};
/* End XCConfigurationList section */
	};
	rootObject = 55796E0B1D33FE1A0030E37C /* Project object */;
}
